// !$*UTF8*$!
{
	archiveVersion = 1;
	classes = {
	};
	objectVersion = 46;
	objects = {

/* Begin PBXBuildFile section */
		8464B1A01C2C114E00AB0D81 /* main.m in Sources */ = {isa = PBXBuildFile; fileRef = 8464B19F1C2C114E00AB0D81 /* main.m */; };
		8464B1A81C2C116800AB0D81 /* BaseAuto.m in Sources */ = {isa = PBXBuildFile; fileRef = 8464B1A71C2C116800AB0D81 /* BaseAuto.m */; };
		8464B1AB1C2C126700AB0D81 /* Car.m in Sources */ = {isa = PBXBuildFile; fileRef = 8464B1AA1C2C126700AB0D81 /* Car.m */; };
		8464B1AE1C2C152700AB0D81 /* BigCar.m in Sources */ = {isa = PBXBuildFile; fileRef = 8464B1AD1C2C152700AB0D81 /* BigCar.m */; };
/* End PBXBuildFile section */

/* Begin PBXCopyFilesBuildPhase section */
		8464B19A1C2C114E00AB0D81 /* CopyFiles */ = {
			isa = PBXCopyFilesBuildPhase;
			buildActionMask = 2147483647;
			dstPath = /usr/share/man/man1/;
			dstSubfolderSpec = 0;
			files = (
			);
			runOnlyForDeploymentPostprocessing = 1;
		};
/* End PBXCopyFilesBuildPhase section */

/* Begin PBXFileReference section */
		8464B19C1C2C114E00AB0D81 /* task_5 */ = {isa = PBXFileReference; explicitFileType = "compiled.mach-o.executable"; includeInIndex = 0; path = task_5; sourceTree = BUILT_PRODUCTS_DIR; };
		8464B19F1C2C114E00AB0D81 /* main.m */ = {isa = PBXFileReference; lastKnownFileType = sourcecode.c.objc; path = main.m; sourceTree = "<group>"; };
		8464B1A61C2C116800AB0D81 /* BaseAuto.h */ = {isa = PBXFileReference; fileEncoding = 4; lastKnownFileType = sourcecode.c.h; path = BaseAuto.h; sourceTree = "<group>"; };
		8464B1A71C2C116800AB0D81 /* BaseAuto.m */ = {isa = PBXFileReference; fileEncoding = 4; lastKnownFileType = sourcecode.c.objc; path = BaseAuto.m; sourceTree = "<group>"; };
		8464B1A91C2C126700AB0D81 /* Car.h */ = {isa = PBXFileReference; fileEncoding = 4; lastKnownFileType = sourcecode.c.h; path = Car.h; sourceTree = "<group>"; };
		8464B1AA1C2C126700AB0D81 /* Car.m */ = {isa = PBXFileReference; fileEncoding = 4; lastKnownFileType = sourcecode.c.objc; path = Car.m; sourceTree = "<group>"; };
		8464B1AC1C2C152700AB0D81 /* BigCar.h */ = {isa = PBXFileReference; fileEncoding = 4; lastKnownFileType = sourcecode.c.h; path = BigCar.h; sourceTree = "<group>"; };
		8464B1AD1C2C152700AB0D81 /* BigCar.m */ = {isa = PBXFileReference; fileEncoding = 4; lastKnownFileType = sourcecode.c.objc; path = BigCar.m; sourceTree = "<group>"; };
/* End PBXFileReference section */

/* Begin PBXFrameworksBuildPhase section */
		8464B1991C2C114E00AB0D81 /* Frameworks */ = {
			isa = PBXFrameworksBuildPhase;
			buildActionMask = 2147483647;
			files = (
			);
			runOnlyForDeploymentPostprocessing = 0;
		};
/* End PBXFrameworksBuildPhase section */

/* Begin PBXGroup section */
		8464B1931C2C114E00AB0D81 = {
			isa = PBXGroup;
			children = (
				8464B19E1C2C114E00AB0D81 /* task_5 */,
				8464B19D1C2C114E00AB0D81 /* Products */,
			);
			sourceTree = "<group>";
		};
		8464B19D1C2C114E00AB0D81 /* Products */ = {
			isa = PBXGroup;
			children = (
				8464B19C1C2C114E00AB0D81 /* task_5 */,
			);
			name = Products;
			sourceTree = "<group>";
		};
		8464B19E1C2C114E00AB0D81 /* task_5 */ = {
			isa = PBXGroup;
			children = (
				8464B19F1C2C114E00AB0D81 /* main.m */,
				8464B1A61C2C116800AB0D81 /* BaseAuto.h */,
				8464B1A71C2C116800AB0D81 /* BaseAuto.m */,
				8464B1A91C2C126700AB0D81 /* Car.h */,
				8464B1AA1C2C126700AB0D81 /* Car.m */,
				8464B1AC1C2C152700AB0D81 /* BigCar.h */,
				8464B1AD1C2C152700AB0D81 /* BigCar.m */,
			);
			path = task_5;
			sourceTree = "<group>";
		};
/* End PBXGroup section */

/* Begin PBXNativeTarget section */
		8464B19B1C2C114E00AB0D81 /* task_5 */ = {
			isa = PBXNativeTarget;
			buildConfigurationList = 8464B1A31C2C114E00AB0D81 /* Build configuration list for PBXNativeTarget "task_5" */;
			buildPhases = (
				8464B1981C2C114E00AB0D81 /* Sources */,
				8464B1991C2C114E00AB0D81 /* Frameworks */,
				8464B19A1C2C114E00AB0D81 /* CopyFiles */,
			);
			buildRules = (
			);
			dependencies = (
			);
			name = task_5;
			productName = task_5;
			productReference = 8464B19C1C2C114E00AB0D81 /* task_5 */;
			productType = "com.apple.product-type.tool";
		};
/* End PBXNativeTarget section */

/* Begin PBXProject section */
		8464B1941C2C114E00AB0D81 /* Project object */ = {
			isa = PBXProject;
			attributes = {
				LastUpgradeCheck = 0720;
				ORGANIZATIONNAME = "Orest Kashchiy";
				TargetAttributes = {
					8464B19B1C2C114E00AB0D81 = {
						CreatedOnToolsVersion = 7.2;
					};
				};
			};
			buildConfigurationList = 8464B1971C2C114E00AB0D81 /* Build configuration list for PBXProject "task_5" */;
			compatibilityVersion = "Xcode 3.2";
			developmentRegion = English;
			hasScannedForEncodings = 0;
			knownRegions = (
				en,
			);
			mainGroup = 8464B1931C2C114E00AB0D81;
			productRefGroup = 8464B19D1C2C114E00AB0D81 /* Products */;
			projectDirPath = "";
			projectRoot = "";
			targets = (
				8464B19B1C2C114E00AB0D81 /* task_5 */,
			);
		};
/* End PBXProject section */

/* Begin PBXSourcesBuildPhase section */
		8464B1981C2C114E00AB0D81 /* Sources */ = {
			isa = PBXSourcesBuildPhase;
			buildActionMask = 2147483647;
			files = (
				8464B1AB1C2C126700AB0D81 /* Car.m in Sources */,
				8464B1A01C2C114E00AB0D81 /* main.m in Sources */,
				8464B1A81C2C116800AB0D81 /* BaseAuto.m in Sources */,
				8464B1AE1C2C152700AB0D81 /* BigCar.m in Sources */,
			);
			runOnlyForDeploymentPostprocessing = 0;
		};
/* End PBXSourcesBuildPhase section */

/* Begin XCBuildConfiguration section */
		8464B1A11C2C114E00AB0D81 /* Debug */ = {
			isa = XCBuildConfiguration;
			buildSettings = {
				ALWAYS_SEARCH_USER_PATHS = NO;
				CLANG_CXX_LANGUAGE_STANDARD = "gnu++0x";
				CLANG_CXX_LIBRARY = "libc++";
				CLANG_ENABLE_MODULES = YES;
				CLANG_ENABLE_OBJC_ARC = YES;
				CLANG_WARN_BOOL_CONVERSION = YES;
				CLANG_WARN_CONSTANT_CONVERSION = YES;
				CLANG_WARN_DIRECT_OBJC_ISA_USAGE = YES_ERROR;
				CLANG_WARN_EMPTY_BODY = YES;
				CLANG_WARN_ENUM_CONVERSION = YES;
				CLANG_WARN_INT_CONVERSION = YES;
				CLANG_WARN_OBJC_ROOT_CLASS = YES_ERROR;
				CLANG_WARN_UNREACHABLE_CODE = YES;
				CLANG_WARN__DUPLICATE_METHOD_MATCH = YES;
				CODE_SIGN_IDENTITY = "-";
				COPY_PHASE_STRIP = NO;
				DEBUG_INFORMATION_FORMAT = dwarf;
				ENABLE_STRICT_OBJC_MSGSEND = YES;
				ENABLE_TESTABILITY = YES;
				GCC_C_LANGUAGE_STANDARD = gnu99;
				GCC_DYNAMIC_NO_PIC = NO;
				GCC_NO_COMMON_BLOCKS = YES;
				GCC_OPTIMIZATION_LEVEL = 0;
				GCC_PREPROCESSOR_DEFINITIONS = (
					"DEBUG=1",
					"$(inherited)",
				);
				GCC_WARN_64_TO_32_BIT_CONVERSION = YES;
				GCC_WARN_ABOUT_RETURN_TYPE = YES_ERROR;
				GCC_WARN_UNDECLARED_SELECTOR = YES;
				GCC_WARN_UNINITIALIZED_AUTOS = YES_AGGRESSIVE;
				GCC_WARN_UNUSED_FUNCTION = YES;
				GCC_WARN_UNUSED_VARIABLE = YES;
				MACOSX_DEPLOYMENT_TARGET = 10.10;
				MTL_ENABLE_DEBUG_INFO = YES;
				ONLY_ACTIVE_ARCH = YES;
				SDKROOT = macosx;
			};
			name = Debug;
		};
		8464B1A21C2C114E00AB0D81 /* Release */ = {
			isa = XCBuildConfiguration;
			buildSettings = {
				ALWAYS_SEARCH_USER_PATHS = NO;
				CLANG_CXX_LANGUAGE_STANDARD = "gnu++0x";
				CLANG_CXX_LIBRARY = "libc++";
				CLANG_ENABLE_MODULES = YES;
				CLANG_ENABLE_OBJC_ARC = YES;
				CLANG_WARN_BOOL_CONVERSION = YES;
				CLANG_WARN_CONSTANT_CONVERSION = YES;
				CLANG_WARN_DIRECT_OBJC_ISA_USAGE = YES_ERROR;
				CLANG_WARN_EMPTY_BODY = YES;
				CLANG_WARN_ENUM_CONVERSION = YES;
				CLANG_WARN_INT_CONVERSION = YES;
				CLANG_WARN_OBJC_ROOT_CLASS = YES_ERROR;
				CLANG_WARN_UNREACHABLE_CODE = YES;
				CLANG_WARN__DUPLICATE_METHOD_MATCH = YES;
				CODE_SIGN_IDENTITY = "-";
				COPY_PHASE_STRIP = NO;
				DEBUG_INFORMATION_FORMAT = "dwarf-with-dsym";
				ENABLE_NS_ASSERTIONS = NO;
				ENABLE_STRICT_OBJC_MSGSEND = YES;
				GCC_C_LANGUAGE_STANDARD = gnu99;
				GCC_NO_COMMON_BLOCKS = YES;
				GCC_WARN_64_TO_32_BIT_CONVERSION = YES;
				GCC_WARN_ABOUT_RETURN_TYPE = YES_ERROR;
				GCC_WARN_UNDECLARED_SELECTOR = YES;
				GCC_WARN_UNINITIALIZED_AUTOS = YES_AGGRESSIVE;
				GCC_WARN_UNUSED_FUNCTION = YES;
				GCC_WARN_UNUSED_VARIABLE = YES;
				MACOSX_DEPLOYMENT_TARGET = 10.10;
				MTL_ENABLE_DEBUG_INFO = NO;
				SDKROOT = macosx;
			};
			name = Release;
		};
		8464B1A41C2C114E00AB0D81 /* Debug */ = {
			isa = XCBuildConfiguration;
			buildSettings = {
				PRODUCT_NAME = "$(TARGET_NAME)";
			};
			name = Debug;
		};
		8464B1A51C2C114E00AB0D81 /* Release */ = {
			isa = XCBuildConfiguration;
			buildSettings = {
				PRODUCT_NAME = "$(TARGET_NAME)";
			};
			name = Release;
		};
/* End XCBuildConfiguration section */

/* Begin XCConfigurationList section */
		8464B1971C2C114E00AB0D81 /* Build configuration list for PBXProject "task_5" */ = {
			isa = XCConfigurationList;
			buildConfigurations = (
				8464B1A11C2C114E00AB0D81 /* Debug */,
				8464B1A21C2C114E00AB0D81 /* Release */,
			);
			defaultConfigurationIsVisible = 0;
			defaultConfigurationName = Release;
		};
		8464B1A31C2C114E00AB0D81 /* Build configuration list for PBXNativeTarget "task_5" */ = {
			isa = XCConfigurationList;
			buildConfigurations = (
				8464B1A41C2C114E00AB0D81 /* Debug */,
				8464B1A51C2C114E00AB0D81 /* Release */,
			);
			defaultConfigurationIsVisible = 0;
		};
/* End XCConfigurationList section */
	};
	rootObject = 8464B1941C2C114E00AB0D81 /* Project object */;
}
